Microsoft Visual Studio Solution File, Format Version 12.00
# Visual Studio Version 17
VisualStudioVersion = 17.5.2.0
MinimumVisualStudioVersion = 10.0.40219.1
Project("{FAE04EC0-301F-11D3-BF4B-00C04F79EFBC}") = "PedidoAPI", "PedidoAPI\PedidoAPI.csproj", "{B42763C6-94CF-00A1-BE70-CF7E8D55BB2E}"
EndProject
Global
	GlobalSection(SolutionConfigurationPlatforms) = preSolution
		Debug|Any CPU = Debug|Any CPU
		Release|Any CPU = Release|Any CPU
	EndGlobalSection
	GlobalSection(ProjectConfigurationPlatforms) = postSolution
		{B42763C6-94CF-00A1-BE70-CF7E8D55BB2E}.Debug|Any CPU.ActiveCfg = Debug|Any CPU
		{B42763C6-94CF-00A1-BE70-CF7E8D55BB2E}.Debug|Any CPU.Build.0 = Debug|Any CPU
		{B42763C6-94CF-00A1-BE70-CF7E8D55BB2E}.Release|Any CPU.ActiveCfg = Release|Any CPU
		{B42763C6-94CF-00A1-BE70-CF7E8D55BB2E}.Release|Any CPU.Build.0 = Release|Any CPU
	EndGlobalSection
	GlobalSection(SolutionProperties) = preSolution
		HideSolutionNode = FALSE
	EndGlobalSection
	GlobalSection(ExtensibilityGlobals) = postSolution
		SolutionGuid = {A6B5E645-FD56-4433-A2E1-4A2BFC72D947}
	EndGlobalSection
EndGlobal
